{
  "pins" : [
    {
      "identity" : "swift-bar",
      "kind" : "remoteSourceControl",
      "location" : "https://github.com/swift-biome/swift-bar",
      "state" : {
        "revision" : "f23f179a1e1cd3130255a95052dadd362347dae9",
        "version" : "0.2.0"
      }
    }
  ],
  "version" : 2
}
